
Microsoft Visual Studio Solution File, Format Version 12.00
# Visual Studio 15
VisualStudioVersion = 15.0.28010.2036
MinimumVisualStudioVersion = 10.0.40219.1
Project("{8BC9CEB8-8B4A-11D0-8D11-00A0C91BC942}") = "testmqsql", "testmqsql\testmqsql.vcxproj", "{F8F829F8-6688-46F7-BE6E-520D1B1478E6}"
EndProject
Global
	GlobalSection(SolutionConfigurationPlatforms) = preSolution
		Debug|x64 = Debug|x64
		Debug|x86 = Debug|x86
		Release|x64 = Release|x64
		Release|x86 = Release|x86
	EndGlobalSection
	GlobalSection(ProjectConfigurationPlatforms) = postSolution
		{F8F829F8-6688-46F7-BE6E-520D1B1478E6}.Debug|x64.ActiveCfg = Debug|x64
		{F8F829F8-6688-46F7-BE6E-520D1B1478E6}.Debug|x64.Build.0 = Debug|x64
		{F8F829F8-6688-46F7-BE6E-520D1B1478E6}.Debug|x86.ActiveCfg = Debug|Win32
		{F8F829F8-6688-46F7-BE6E-520D1B1478E6}.Debug|x86.Build.0 = Debug|Win32
		{F8F829F8-6688-46F7-BE6E-520D1B1478E6}.Release|x64.ActiveCfg = Release|x64
		{F8F829F8-6688-46F7-BE6E-520D1B1478E6}.Release|x64.Build.0 = Release|x64
		{F8F829F8-6688-46F7-BE6E-520D1B1478E6}.Release|x86.ActiveCfg = Release|Win32
		{F8F829F8-6688-46F7-BE6E-520D1B1478E6}.Release|x86.Build.0 = Release|Win32
	EndGlobalSection
	GlobalSection(SolutionProperties) = preSolution
		HideSolutionNode = FALSE
	EndGlobalSection
	GlobalSection(ExtensibilityGlobals) = postSolution
		SolutionGuid = {828909B8-59DF-4706-B315-9E338A307B55}
	EndGlobalSection
EndGlobal
